{
  "version": 1,
  "dependencies": {
    "net8.0-windows7.0": {
      "DalamudPackager": {
        "type": "Direct",
        "requested": "[2.1.13, )",
        "resolved": "2.1.13",
        "contentHash": "rMN1omGe8536f4xLMvx9NwfvpAc9YFFfeXJ1t4P4PE6Gu8WCIoFliR1sh07hM+bfODmesk/dvMbji7vNI+B/pQ=="
      },
      "ExdSheets": {
        "type": "Direct",
        "requested": "[1.2.2, )",
        "resolved": "1.2.2",
        "contentHash": "oS1oUBhlOpUWY1Wc3SwOLzfAMuSRzBn54I8p84euVUHrUEOzRZwA9vuNKNMAIY66eT1dpc/DxT+C7LNH0nK0jg==",
        "dependencies": {
          "Lumina": "3.15.2"
        }
      },
      "Lumina": {
        "type": "Direct",
        "requested": "[3.15.2, )",
        "resolved": "3.15.2",
        "contentHash": "EnoxYEYMepcvAoXdZhaFJiv2aiDBIPjgkgzxR/+ArOxlrALzCgheTsb5yD39a9sxNIi2tNECT93ulZvYjx8fZg=="
      },
      "Meziantou.Analyzer": {
        "type": "Direct",
        "requested": "[2.0.162, )",
        "resolved": "2.0.162",
        "contentHash": "lU5ZkiNx6Jj++yYhkUkn2qsgl+PSfAy+BDFc0IkoVVeSCnmUOGBa0Eb1XzGLAeyAuIoz6vYN4J97Q/uiGdIkhw=="
      },
      "CSVFile": {
        "type": "Transitive",
        "resolved": "3.1.0",
        "contentHash": "yz/FptkwDL0bxhaxoyrFPI5SyxUUfuZtbH1E2yLiHHFZFFrSXNnWJHfXSt5Anvy1gWpHCLpC520Bxy6G/Opp1g=="
      },
      "CsvHelper": {
        "type": "Transitive",
        "resolved": "30.0.1",
        "contentHash": "rcZtgbWR+As4G3Vpgx0AMNmShGuQLFjkHAPIIflzrfkJCx8/AOd4m96ZRmiU1Wi39qS5UVjV0P8qdgqOo5Cwyg=="
      },
      "luminasupplemental.excel": {
        "type": "Project",
        "dependencies": {
          "CSVFile": "[3.1.0, )",
          "CsvHelper": "[30.0.1, )"
        }
      }
    }
  }
}